
Microsoft Visual Studio Solution File, Format Version 12.00
# Visual Studio Version 17
VisualStudioVersion = 17.12.35506.116
MinimumVisualStudioVersion = 10.0.40219.1
Project("{FAE04EC0-301F-11D3-BF4B-00C04F79EFBC}") = "BeerApp", "BeerApp\BeerApp.csproj", "{B8B30740-7811-4108-8C78-2DA89F68C3E1}"
EndProject
Project("{FAE04EC0-301F-11D3-BF4B-00C04F79EFBC}") = "AndroidBinding1", "AndroidBinding1\AndroidBinding1.csproj", "{1DE20909-B825-4EC4-A7DC-A9CF3F4D6F76}"
EndProject
Global
	GlobalSection(SolutionConfigurationPlatforms) = preSolution
		Debug|Any CPU = Debug|Any CPU
		Release|Any CPU = Release|Any CPU
	EndGlobalSection
	GlobalSection(ProjectConfigurationPlatforms) = postSolution
		{B8B30740-7811-4108-8C78-2DA89F68C3E1}.Debug|Any CPU.ActiveCfg = Debug|Any CPU
		{B8B30740-7811-4108-8C78-2DA89F68C3E1}.Debug|Any CPU.Build.0 = Debug|Any CPU
		{B8B30740-7811-4108-8C78-2DA89F68C3E1}.Debug|Any CPU.Deploy.0 = Debug|Any CPU
		{B8B30740-7811-4108-8C78-2DA89F68C3E1}.Release|Any CPU.ActiveCfg = Release|Any CPU
		{B8B30740-7811-4108-8C78-2DA89F68C3E1}.Release|Any CPU.Build.0 = Release|Any CPU
		{B8B30740-7811-4108-8C78-2DA89F68C3E1}.Release|Any CPU.Deploy.0 = Release|Any CPU
		{1DE20909-B825-4EC4-A7DC-A9CF3F4D6F76}.Debug|Any CPU.ActiveCfg = Debug|Any CPU
		{1DE20909-B825-4EC4-A7DC-A9CF3F4D6F76}.Debug|Any CPU.Build.0 = Debug|Any CPU
		{1DE20909-B825-4EC4-A7DC-A9CF3F4D6F76}.Release|Any CPU.ActiveCfg = Release|Any CPU
		{1DE20909-B825-4EC4-A7DC-A9CF3F4D6F76}.Release|Any CPU.Build.0 = Release|Any CPU
	EndGlobalSection
	GlobalSection(SolutionProperties) = preSolution
		HideSolutionNode = FALSE
	EndGlobalSection
EndGlobal
